// !$*UTF8*$!
{
	archiveVersion = 1;
	classes = {
	};
	objectVersion = 46;
	objects = {

/* Begin PBXBuildFile section */
		EE90B8C31D0F534E005F4610 /* tweet.json in Resources */ = {isa = PBXBuildFile; fileRef = EE90B8C21D0F534E005F4610 /* tweet.json */; };
		EE90B8C71D0F5427005F4610 /* tweet.swift in Sources */ = {isa = PBXBuildFile; fileRef = EE90B8C61D0F5427005F4610 /* tweet.swift */; };
		EE90B8C91D0F5433005F4610 /* user.swift in Sources */ = {isa = PBXBuildFile; fileRef = EE90B8C81D0F5433005F4610 /* user.swift */; };
		EE90B8CD1D0F55F7005F4610 /* JSONParser.swift in Sources */ = {isa = PBXBuildFile; fileRef = EE90B8CC1D0F55F7005F4610 /* JSONParser.swift */; };
		EEB88BE51D0F511600BB7838 /* AppDelegate.swift in Sources */ = {isa = PBXBuildFile; fileRef = EEB88BE41D0F511600BB7838 /* AppDelegate.swift */; };
		EEB88BE71D0F511600BB7838 /* ViewController.swift in Sources */ = {isa = PBXBuildFile; fileRef = EEB88BE61D0F511600BB7838 /* ViewController.swift */; };
		EEB88BEA1D0F511600BB7838 /* Main.storyboard in Resources */ = {isa = PBXBuildFile; fileRef = EEB88BE81D0F511600BB7838 /* Main.storyboard */; };
		EEB88BEC1D0F511600BB7838 /* Assets.xcassets in Resources */ = {isa = PBXBuildFile; fileRef = EEB88BEB1D0F511600BB7838 /* Assets.xcassets */; };
		EEB88BEF1D0F511600BB7838 /* LaunchScreen.storyboard in Resources */ = {isa = PBXBuildFile; fileRef = EEB88BED1D0F511600BB7838 /* LaunchScreen.storyboard */; };
/* End PBXBuildFile section */

/* Begin PBXFileReference section */
		EE90B8C21D0F534E005F4610 /* tweet.json */ = {isa = PBXFileReference; fileEncoding = 4; lastKnownFileType = text.json; path = tweet.json; sourceTree = "<group>"; };
		EE90B8C61D0F5427005F4610 /* tweet.swift */ = {isa = PBXFileReference; fileEncoding = 4; lastKnownFileType = sourcecode.swift; path = tweet.swift; sourceTree = "<group>"; };
		EE90B8C81D0F5433005F4610 /* user.swift */ = {isa = PBXFileReference; fileEncoding = 4; lastKnownFileType = sourcecode.swift; path = user.swift; sourceTree = "<group>"; };
		EE90B8CC1D0F55F7005F4610 /* JSONParser.swift */ = {isa = PBXFileReference; fileEncoding = 4; lastKnownFileType = sourcecode.swift; path = JSONParser.swift; sourceTree = "<group>"; };
		EEB88BE11D0F511600BB7838 /* TWTR.app */ = {isa = PBXFileReference; explicitFileType = wrapper.application; includeInIndex = 0; path = TWTR.app; sourceTree = BUILT_PRODUCTS_DIR; };
		EEB88BE41D0F511600BB7838 /* AppDelegate.swift */ = {isa = PBXFileReference; lastKnownFileType = sourcecode.swift; path = AppDelegate.swift; sourceTree = "<group>"; };
		EEB88BE61D0F511600BB7838 /* ViewController.swift */ = {isa = PBXFileReference; lastKnownFileType = sourcecode.swift; path = ViewController.swift; sourceTree = "<group>"; };
		EEB88BE91D0F511600BB7838 /* Base */ = {isa = PBXFileReference; lastKnownFileType = file.storyboard; name = Base; path = Base.lproj/Main.storyboard; sourceTree = "<group>"; };
		EEB88BEB1D0F511600BB7838 /* Assets.xcassets */ = {isa = PBXFileReference; lastKnownFileType = folder.assetcatalog; path = Assets.xcassets; sourceTree = "<group>"; };
		EEB88BEE1D0F511600BB7838 /* Base */ = {isa = PBXFileReference; lastKnownFileType = file.storyboard; name = Base; path = Base.lproj/LaunchScreen.storyboard; sourceTree = "<group>"; };
		EEB88BF01D0F511600BB7838 /* Info.plist */ = {isa = PBXFileReference; lastKnownFileType = text.plist.xml; path = Info.plist; sourceTree = "<group>"; };
/* End PBXFileReference section */

/* Begin PBXFrameworksBuildPhase section */
		EEB88BDE1D0F511600BB7838 /* Frameworks */ = {
			isa = PBXFrameworksBuildPhase;
			buildActionMask = 2147483647;
			files = (
			);
			runOnlyForDeploymentPostprocessing = 0;
		};
/* End PBXFrameworksBuildPhase section */

/* Begin PBXGroup section */
		EE90B8C11D0F531F005F4610 /* App Global */ = {
			isa = PBXGroup;
			children = (
				EEB88BE41D0F511600BB7838 /* AppDelegate.swift */,
				EEB88BF01D0F511600BB7838 /* Info.plist */,
				EE90B8C21D0F534E005F4610 /* tweet.json */,
			);
			name = "App Global";
			sourceTree = "<group>";
		};
		EE90B8C41D0F538A005F4610 /* Controller */ = {
			isa = PBXGroup;
			children = (
				EEB88BE61D0F511600BB7838 /* ViewController.swift */,
			);
			name = Controller;
			sourceTree = "<group>";
		};
		EE90B8C51D0F53CD005F4610 /* Model */ = {
			isa = PBXGroup;
			children = (
				EE90B8C61D0F5427005F4610 /* tweet.swift */,
				EE90B8C81D0F5433005F4610 /* user.swift */,
			);
			name = Model;
			sourceTree = "<group>";
		};
		EE90B8CA1D0F554F005F4610 /* View */ = {
			isa = PBXGroup;
			children = (
				EEB88BEB1D0F511600BB7838 /* Assets.xcassets */,
				EEB88BED1D0F511600BB7838 /* LaunchScreen.storyboard */,
				EEB88BE81D0F511600BB7838 /* Main.storyboard */,
			);
			name = View;
			sourceTree = "<group>";
		};
		EE90B8CB1D0F55BE005F4610 /* Utility */ = {
			isa = PBXGroup;
			children = (
				EE90B8CC1D0F55F7005F4610 /* JSONParser.swift */,
			);
			name = Utility;
			sourceTree = "<group>";
		};
		EEB88BD81D0F511600BB7838 = {
			isa = PBXGroup;
			children = (
				EEB88BE31D0F511600BB7838 /* TWTR */,
				EEB88BE21D0F511600BB7838 /* Products */,
			);
			sourceTree = "<group>";
		};
		EEB88BE21D0F511600BB7838 /* Products */ = {
			isa = PBXGroup;
			children = (
				EEB88BE11D0F511600BB7838 /* TWTR.app */,
			);
			name = Products;
			sourceTree = "<group>";
		};
		EEB88BE31D0F511600BB7838 /* TWTR */ = {
			isa = PBXGroup;
			children = (
				EE90B8C11D0F531F005F4610 /* App Global */,
				EE90B8C41D0F538A005F4610 /* Controller */,
				EE90B8C51D0F53CD005F4610 /* Model */,
				EE90B8CA1D0F554F005F4610 /* View */,
				EE90B8CB1D0F55BE005F4610 /* Utility */,
			);
			path = TWTR;
			sourceTree = "<group>";
		};
/* End PBXGroup section */

/* Begin PBXNativeTarget section */
		EEB88BE01D0F511600BB7838 /* TWTR */ = {
			isa = PBXNativeTarget;
			buildConfigurationList = EEB88BF31D0F511600BB7838 /* Build configuration list for PBXNativeTarget "TWTR" */;
			buildPhases = (
				EEB88BDD1D0F511600BB7838 /* Sources */,
				EEB88BDE1D0F511600BB7838 /* Frameworks */,
				EEB88BDF1D0F511600BB7838 /* Resources */,
			);
			buildRules = (
			);
			dependencies = (
			);
			name = TWTR;
			productName = TWTR;
			productReference = EEB88BE11D0F511600BB7838 /* TWTR.app */;
			productType = "com.apple.product-type.application";
		};
/* End PBXNativeTarget section */

/* Begin PBXProject section */
		EEB88BD91D0F511600BB7838 /* Project object */ = {
			isa = PBXProject;
			attributes = {
				LastSwiftUpdateCheck = 0730;
				LastUpgradeCheck = 0730;
				ORGANIZATIONNAME = "hannah gaskins";
				TargetAttributes = {
					EEB88BE01D0F511600BB7838 = {
						CreatedOnToolsVersion = 7.3.1;
					};
				};
			};
			buildConfigurationList = EEB88BDC1D0F511600BB7838 /* Build configuration list for PBXProject "TWTR" */;
			compatibilityVersion = "Xcode 3.2";
			developmentRegion = English;
			hasScannedForEncodings = 0;
			knownRegions = (
				en,
				Base,
			);
			mainGroup = EEB88BD81D0F511600BB7838;
			productRefGroup = EEB88BE21D0F511600BB7838 /* Products */;
			projectDirPath = "";
			projectRoot = "";
			targets = (
				EEB88BE01D0F511600BB7838 /* TWTR */,
			);
		};
/* End PBXProject section */

/* Begin PBXResourcesBuildPhase section */
		EEB88BDF1D0F511600BB7838 /* Resources */ = {
			isa = PBXResourcesBuildPhase;
			buildActionMask = 2147483647;
			files = (
				EEB88BEF1D0F511600BB7838 /* LaunchScreen.storyboard in Resources */,
				EEB88BEC1D0F511600BB7838 /* Assets.xcassets in Resources */,
				EEB88BEA1D0F511600BB7838 /* Main.storyboard in Resources */,
				EE90B8C31D0F534E005F4610 /* tweet.json in Resources */,
			);
			runOnlyForDeploymentPostprocessing = 0;
		};
/* End PBXResourcesBuildPhase section */

/* Begin PBXSourcesBuildPhase section */
		EEB88BDD1D0F511600BB7838 /* Sources */ = {
			isa = PBXSourcesBuildPhase;
			buildActionMask = 2147483647;
			files = (
				EE90B8C91D0F5433005F4610 /* user.swift in Sources */,
				EE90B8CD1D0F55F7005F4610 /* JSONParser.swift in Sources */,
				EEB88BE71D0F511600BB7838 /* ViewController.swift in Sources */,
				EE90B8C71D0F5427005F4610 /* tweet.swift in Sources */,
				EEB88BE51D0F511600BB7838 /* AppDelegate.swift in Sources */,
			);
			runOnlyForDeploymentPostprocessing = 0;
		};
/* End PBXSourcesBuildPhase section */

/* Begin PBXVariantGroup section */
		EEB88BE81D0F511600BB7838 /* Main.storyboard */ = {
			isa = PBXVariantGroup;
			children = (
				EEB88BE91D0F511600BB7838 /* Base */,
			);
			name = Main.storyboard;
			sourceTree = "<group>";
		};
		EEB88BED1D0F511600BB7838 /* LaunchScreen.storyboard */ = {
			isa = PBXVariantGroup;
			children = (
				EEB88BEE1D0F511600BB7838 /* Base */,
			);
			name = LaunchScreen.storyboard;
			sourceTree = "<group>";
		};
/* End PBXVariantGroup section */

/* Begin XCBuildConfiguration section */
		EEB88BF11D0F511600BB7838 /* Debug */ = {
			isa = XCBuildConfiguration;
			buildSettings = {
				ALWAYS_SEARCH_USER_PATHS = NO;
				CLANG_ANALYZER_NONNULL = YES;
				CLANG_CXX_LANGUAGE_STANDARD = "gnu++0x";
				CLANG_CXX_LIBRARY = "libc++";
				CLANG_ENABLE_MODULES = YES;
				CLANG_ENABLE_OBJC_ARC = YES;
				CLANG_WARN_BOOL_CONVERSION = YES;
				CLANG_WARN_CONSTANT_CONVERSION = YES;
				CLANG_WARN_DIRECT_OBJC_ISA_USAGE = YES_ERROR;
				CLANG_WARN_EMPTY_BODY = YES;
				CLANG_WARN_ENUM_CONVERSION = YES;
				CLANG_WARN_INT_CONVERSION = YES;
				CLANG_WARN_OBJC_ROOT_CLASS = YES_ERROR;
				CLANG_WARN_UNREACHABLE_CODE = YES;
				CLANG_WARN__DUPLICATE_METHOD_MATCH = YES;
				"CODE_SIGN_IDENTITY[sdk=iphoneos*]" = "iPhone Developer";
				COPY_PHASE_STRIP = NO;
				DEBUG_INFORMATION_FORMAT = dwarf;
				ENABLE_STRICT_OBJC_MSGSEND = YES;
				ENABLE_TESTABILITY = YES;
				GCC_C_LANGUAGE_STANDARD = gnu99;
				GCC_DYNAMIC_NO_PIC = NO;
				GCC_NO_COMMON_BLOCKS = YES;
				GCC_OPTIMIZATION_LEVEL = 0;
				GCC_PREPROCESSOR_DEFINITIONS = (
					"DEBUG=1",
					"$(inherited)",
				);
				GCC_WARN_64_TO_32_BIT_CONVERSION = YES;
				GCC_WARN_ABOUT_RETURN_TYPE = YES_ERROR;
				GCC_WARN_UNDECLARED_SELECTOR = YES;
				GCC_WARN_UNINITIALIZED_AUTOS = YES_AGGRESSIVE;
				GCC_WARN_UNUSED_FUNCTION = YES;
				GCC_WARN_UNUSED_VARIABLE = YES;
				IPHONEOS_DEPLOYMENT_TARGET = 9.3;
				MTL_ENABLE_DEBUG_INFO = YES;
				ONLY_ACTIVE_ARCH = YES;
				SDKROOT = iphoneos;
				SWIFT_OPTIMIZATION_LEVEL = "-Onone";
				TARGETED_DEVICE_FAMILY = "1,2";
			};
			name = Debug;
		};
		EEB88BF21D0F511600BB7838 /* Release */ = {
			isa = XCBuildConfiguration;
			buildSettings = {
				ALWAYS_SEARCH_USER_PATHS = NO;
				CLANG_ANALYZER_NONNULL = YES;
				CLANG_CXX_LANGUAGE_STANDARD = "gnu++0x";
				CLANG_CXX_LIBRARY = "libc++";
				CLANG_ENABLE_MODULES = YES;
				CLANG_ENABLE_OBJC_ARC = YES;
				CLANG_WARN_BOOL_CONVERSION = YES;
				CLANG_WARN_CONSTANT_CONVERSION = YES;
				CLANG_WARN_DIRECT_OBJC_ISA_USAGE = YES_ERROR;
				CLANG_WARN_EMPTY_BODY = YES;
				CLANG_WARN_ENUM_CONVERSION = YES;
				CLANG_WARN_INT_CONVERSION = YES;
				CLANG_WARN_OBJC_ROOT_CLASS = YES_ERROR;
				CLANG_WARN_UNREACHABLE_CODE = YES;
				CLANG_WARN__DUPLICATE_METHOD_MATCH = YES;
				"CODE_SIGN_IDENTITY[sdk=iphoneos*]" = "iPhone Developer";
				COPY_PHASE_STRIP = NO;
				DEBUG_INFORMATION_FORMAT = "dwarf-with-dsym";
				ENABLE_NS_ASSERTIONS = NO;
				ENABLE_STRICT_OBJC_MSGSEND = YES;
				GCC_C_LANGUAGE_STANDARD = gnu99;
				GCC_NO_COMMON_BLOCKS = YES;
				GCC_WARN_64_TO_32_BIT_CONVERSION = YES;
				GCC_WARN_ABOUT_RETURN_TYPE = YES_ERROR;
				GCC_WARN_UNDECLARED_SELECTOR = YES;
				GCC_WARN_UNINITIALIZED_AUTOS = YES_AGGRESSIVE;
				GCC_WARN_UNUSED_FUNCTION = YES;
				GCC_WARN_UNUSED_VARIABLE = YES;
				IPHONEOS_DEPLOYMENT_TARGET = 9.3;
				MTL_ENABLE_DEBUG_INFO = NO;
				SDKROOT = iphoneos;
				TARGETED_DEVICE_FAMILY = "1,2";
				VALIDATE_PRODUCT = YES;
			};
			name = Release;
		};
		EEB88BF41D0F511600BB7838 /* Debug */ = {
			isa = XCBuildConfiguration;
			buildSettings = {
				ASSETCATALOG_COMPILER_APPICON_NAME = AppIcon;
				INFOPLIST_FILE = TWTR/Info.plist;
				LD_RUNPATH_SEARCH_PATHS = "$(inherited) @executable_path/Frameworks";
				PRODUCT_BUNDLE_IDENTIFIER = com.hannahgaskins.TWTR;
				PRODUCT_NAME = "$(TARGET_NAME)";
			};
			name = Debug;
		};
		EEB88BF51D0F511600BB7838 /* Release */ = {
			isa = XCBuildConfiguration;
			buildSettings = {
				ASSETCATALOG_COMPILER_APPICON_NAME = AppIcon;
				INFOPLIST_FILE = TWTR/Info.plist;
				LD_RUNPATH_SEARCH_PATHS = "$(inherited) @executable_path/Frameworks";
				PRODUCT_BUNDLE_IDENTIFIER = com.hannahgaskins.TWTR;
				PRODUCT_NAME = "$(TARGET_NAME)";
			};
			name = Release;
		};
/* End XCBuildConfiguration section */

/* Begin XCConfigurationList section */
		EEB88BDC1D0F511600BB7838 /* Build configuration list for PBXProject "TWTR" */ = {
			isa = XCConfigurationList;
			buildConfigurations = (
				EEB88BF11D0F511600BB7838 /* Debug */,
				EEB88BF21D0F511600BB7838 /* Release */,
			);
			defaultConfigurationIsVisible = 0;
			defaultConfigurationName = Release;
		};
		EEB88BF31D0F511600BB7838 /* Build configuration list for PBXNativeTarget "TWTR" */ = {
			isa = XCConfigurationList;
			buildConfigurations = (
				EEB88BF41D0F511600BB7838 /* Debug */,
				EEB88BF51D0F511600BB7838 /* Release */,
			);
			defaultConfigurationIsVisible = 0;
			defaultConfigurationName = Release;
		};
/* End XCConfigurationList section */
	};
	rootObject = EEB88BD91D0F511600BB7838 /* Project object */;
}
