// !$*UTF8*$!
{
	archiveVersion = 1;
	classes = {
	};
	objectVersion = 46;
	objects = {

/* Begin PBXBuildFile section */
		95FD18801D0F4CF500156FB5 /* AppDelegate.swift in Sources */ = {isa = PBXBuildFile; fileRef = 95FD187F1D0F4CF500156FB5 /* AppDelegate.swift */; };
		95FD18821D0F4CF500156FB5 /* ViewController.swift in Sources */ = {isa = PBXBuildFile; fileRef = 95FD18811D0F4CF500156FB5 /* ViewController.swift */; };
		95FD18851D0F4CF500156FB5 /* Main.storyboard in Resources */ = {isa = PBXBuildFile; fileRef = 95FD18831D0F4CF500156FB5 /* Main.storyboard */; };
		95FD18871D0F4CF500156FB5 /* Assets.xcassets in Resources */ = {isa = PBXBuildFile; fileRef = 95FD18861D0F4CF500156FB5 /* Assets.xcassets */; };
		95FD188A1D0F4CF500156FB5 /* LaunchScreen.storyboard in Resources */ = {isa = PBXBuildFile; fileRef = 95FD18881D0F4CF500156FB5 /* LaunchScreen.storyboard */; };
		95FD18931D0F52F300156FB5 /* tweet.json in Resources */ = {isa = PBXBuildFile; fileRef = 95FD18921D0F52F300156FB5 /* tweet.json */; };
/* End PBXBuildFile section */

/* Begin PBXFileReference section */
		95FD187C1D0F4CF500156FB5 /* TwitterApp.app */ = {isa = PBXFileReference; explicitFileType = wrapper.application; includeInIndex = 0; path = TwitterApp.app; sourceTree = BUILT_PRODUCTS_DIR; };
		95FD187F1D0F4CF500156FB5 /* AppDelegate.swift */ = {isa = PBXFileReference; lastKnownFileType = sourcecode.swift; path = AppDelegate.swift; sourceTree = "<group>"; };
		95FD18811D0F4CF500156FB5 /* ViewController.swift */ = {isa = PBXFileReference; lastKnownFileType = sourcecode.swift; path = ViewController.swift; sourceTree = "<group>"; };
		95FD18841D0F4CF500156FB5 /* Base */ = {isa = PBXFileReference; lastKnownFileType = file.storyboard; name = Base; path = Base.lproj/Main.storyboard; sourceTree = "<group>"; };
		95FD18861D0F4CF500156FB5 /* Assets.xcassets */ = {isa = PBXFileReference; lastKnownFileType = folder.assetcatalog; path = Assets.xcassets; sourceTree = "<group>"; };
		95FD18891D0F4CF500156FB5 /* Base */ = {isa = PBXFileReference; lastKnownFileType = file.storyboard; name = Base; path = Base.lproj/LaunchScreen.storyboard; sourceTree = "<group>"; };
		95FD188B1D0F4CF500156FB5 /* Info.plist */ = {isa = PBXFileReference; lastKnownFileType = text.plist.xml; path = Info.plist; sourceTree = "<group>"; };
		95FD18921D0F52F300156FB5 /* tweet.json */ = {isa = PBXFileReference; fileEncoding = 4; lastKnownFileType = text.json; path = tweet.json; sourceTree = "<group>"; };
/* End PBXFileReference section */

/* Begin PBXFrameworksBuildPhase section */
		95FD18791D0F4CF500156FB5 /* Frameworks */ = {
			isa = PBXFrameworksBuildPhase;
			buildActionMask = 2147483647;
			files = (
			);
			runOnlyForDeploymentPostprocessing = 0;
		};
/* End PBXFrameworksBuildPhase section */

/* Begin PBXGroup section */
		95FD18731D0F4CF500156FB5 = {
			isa = PBXGroup;
			children = (
				95FD187E1D0F4CF500156FB5 /* TwitterApp */,
				95FD187D1D0F4CF500156FB5 /* Products */,
			);
			sourceTree = "<group>";
		};
		95FD187D1D0F4CF500156FB5 /* Products */ = {
			isa = PBXGroup;
			children = (
				95FD187C1D0F4CF500156FB5 /* TwitterApp.app */,
			);
			name = Products;
			sourceTree = "<group>";
		};
		95FD187E1D0F4CF500156FB5 /* TwitterApp */ = {
			isa = PBXGroup;
			children = (
				95FD18911D0F52C900156FB5 /* App Global */,
				95FD18811D0F4CF500156FB5 /* ViewController.swift */,
				95FD18831D0F4CF500156FB5 /* Main.storyboard */,
				95FD18861D0F4CF500156FB5 /* Assets.xcassets */,
				95FD18881D0F4CF500156FB5 /* LaunchScreen.storyboard */,
			);
			path = TwitterApp;
			sourceTree = "<group>";
		};
		95FD18911D0F52C900156FB5 /* App Global */ = {
			isa = PBXGroup;
			children = (
				95FD18921D0F52F300156FB5 /* tweet.json */,
				95FD187F1D0F4CF500156FB5 /* AppDelegate.swift */,
				95FD188B1D0F4CF500156FB5 /* Info.plist */,
			);
			name = "App Global";
			sourceTree = "<group>";
		};
/* End PBXGroup section */

/* Begin PBXNativeTarget section */
		95FD187B1D0F4CF500156FB5 /* TwitterApp */ = {
			isa = PBXNativeTarget;
			buildConfigurationList = 95FD188E1D0F4CF500156FB5 /* Build configuration list for PBXNativeTarget "TwitterApp" */;
			buildPhases = (
				95FD18781D0F4CF500156FB5 /* Sources */,
				95FD18791D0F4CF500156FB5 /* Frameworks */,
				95FD187A1D0F4CF500156FB5 /* Resources */,
			);
			buildRules = (
			);
			dependencies = (
			);
			name = TwitterApp;
			productName = TwitterApp;
			productReference = 95FD187C1D0F4CF500156FB5 /* TwitterApp.app */;
			productType = "com.apple.product-type.application";
		};
/* End PBXNativeTarget section */

/* Begin PBXProject section */
		95FD18741D0F4CF500156FB5 /* Project object */ = {
			isa = PBXProject;
			attributes = {
				LastSwiftUpdateCheck = 0730;
				LastUpgradeCheck = 0730;
				ORGANIZATIONNAME = "Jeffrey Eng";
				TargetAttributes = {
					95FD187B1D0F4CF500156FB5 = {
						CreatedOnToolsVersion = 7.3.1;
					};
				};
			};
			buildConfigurationList = 95FD18771D0F4CF500156FB5 /* Build configuration list for PBXProject "TwitterApp" */;
			compatibilityVersion = "Xcode 3.2";
			developmentRegion = English;
			hasScannedForEncodings = 0;
			knownRegions = (
				en,
				Base,
			);
			mainGroup = 95FD18731D0F4CF500156FB5;
			productRefGroup = 95FD187D1D0F4CF500156FB5 /* Products */;
			projectDirPath = "";
			projectRoot = "";
			targets = (
				95FD187B1D0F4CF500156FB5 /* TwitterApp */,
			);
		};
/* End PBXProject section */

/* Begin PBXResourcesBuildPhase section */
		95FD187A1D0F4CF500156FB5 /* Resources */ = {
			isa = PBXResourcesBuildPhase;
			buildActionMask = 2147483647;
			files = (
				95FD188A1D0F4CF500156FB5 /* LaunchScreen.storyboard in Resources */,
				95FD18871D0F4CF500156FB5 /* Assets.xcassets in Resources */,
				95FD18851D0F4CF500156FB5 /* Main.storyboard in Resources */,
				95FD18931D0F52F300156FB5 /* tweet.json in Resources */,
			);
			runOnlyForDeploymentPostprocessing = 0;
		};
/* End PBXResourcesBuildPhase section */

/* Begin PBXSourcesBuildPhase section */
		95FD18781D0F4CF500156FB5 /* Sources */ = {
			isa = PBXSourcesBuildPhase;
			buildActionMask = 2147483647;
			files = (
				95FD18821D0F4CF500156FB5 /* ViewController.swift in Sources */,
				95FD18801D0F4CF500156FB5 /* AppDelegate.swift in Sources */,
			);
			runOnlyForDeploymentPostprocessing = 0;
		};
/* End PBXSourcesBuildPhase section */

/* Begin PBXVariantGroup section */
		95FD18831D0F4CF500156FB5 /* Main.storyboard */ = {
			isa = PBXVariantGroup;
			children = (
				95FD18841D0F4CF500156FB5 /* Base */,
			);
			name = Main.storyboard;
			sourceTree = "<group>";
		};
		95FD18881D0F4CF500156FB5 /* LaunchScreen.storyboard */ = {
			isa = PBXVariantGroup;
			children = (
				95FD18891D0F4CF500156FB5 /* Base */,
			);
			name = LaunchScreen.storyboard;
			sourceTree = "<group>";
		};
/* End PBXVariantGroup section */

/* Begin XCBuildConfiguration section */
		95FD188C1D0F4CF500156FB5 /* Debug */ = {
			isa = XCBuildConfiguration;
			buildSettings = {
				ALWAYS_SEARCH_USER_PATHS = NO;
				CLANG_ANALYZER_NONNULL = YES;
				CLANG_CXX_LANGUAGE_STANDARD = "gnu++0x";
				CLANG_CXX_LIBRARY = "libc++";
				CLANG_ENABLE_MODULES = YES;
				CLANG_ENABLE_OBJC_ARC = YES;
				CLANG_WARN_BOOL_CONVERSION = YES;
				CLANG_WARN_CONSTANT_CONVERSION = YES;
				CLANG_WARN_DIRECT_OBJC_ISA_USAGE = YES_ERROR;
				CLANG_WARN_EMPTY_BODY = YES;
				CLANG_WARN_ENUM_CONVERSION = YES;
				CLANG_WARN_INT_CONVERSION = YES;
				CLANG_WARN_OBJC_ROOT_CLASS = YES_ERROR;
				CLANG_WARN_UNREACHABLE_CODE = YES;
				CLANG_WARN__DUPLICATE_METHOD_MATCH = YES;
				"CODE_SIGN_IDENTITY[sdk=iphoneos*]" = "iPhone Developer";
				COPY_PHASE_STRIP = NO;
				DEBUG_INFORMATION_FORMAT = dwarf;
				ENABLE_STRICT_OBJC_MSGSEND = YES;
				ENABLE_TESTABILITY = YES;
				GCC_C_LANGUAGE_STANDARD = gnu99;
				GCC_DYNAMIC_NO_PIC = NO;
				GCC_NO_COMMON_BLOCKS = YES;
				GCC_OPTIMIZATION_LEVEL = 0;
				GCC_PREPROCESSOR_DEFINITIONS = (
					"DEBUG=1",
					"$(inherited)",
				);
				GCC_WARN_64_TO_32_BIT_CONVERSION = YES;
				GCC_WARN_ABOUT_RETURN_TYPE = YES_ERROR;
				GCC_WARN_UNDECLARED_SELECTOR = YES;
				GCC_WARN_UNINITIALIZED_AUTOS = YES_AGGRESSIVE;
				GCC_WARN_UNUSED_FUNCTION = YES;
				GCC_WARN_UNUSED_VARIABLE = YES;
				IPHONEOS_DEPLOYMENT_TARGET = 9.3;
				MTL_ENABLE_DEBUG_INFO = YES;
				ONLY_ACTIVE_ARCH = YES;
				SDKROOT = iphoneos;
				SWIFT_OPTIMIZATION_LEVEL = "-Onone";
				TARGETED_DEVICE_FAMILY = "1,2";
			};
			name = Debug;
		};
		95FD188D1D0F4CF500156FB5 /* Release */ = {
			isa = XCBuildConfiguration;
			buildSettings = {
				ALWAYS_SEARCH_USER_PATHS = NO;
				CLANG_ANALYZER_NONNULL = YES;
				CLANG_CXX_LANGUAGE_STANDARD = "gnu++0x";
				CLANG_CXX_LIBRARY = "libc++";
				CLANG_ENABLE_MODULES = YES;
				CLANG_ENABLE_OBJC_ARC = YES;
				CLANG_WARN_BOOL_CONVERSION = YES;
				CLANG_WARN_CONSTANT_CONVERSION = YES;
				CLANG_WARN_DIRECT_OBJC_ISA_USAGE = YES_ERROR;
				CLANG_WARN_EMPTY_BODY = YES;
				CLANG_WARN_ENUM_CONVERSION = YES;
				CLANG_WARN_INT_CONVERSION = YES;
				CLANG_WARN_OBJC_ROOT_CLASS = YES_ERROR;
				CLANG_WARN_UNREACHABLE_CODE = YES;
				CLANG_WARN__DUPLICATE_METHOD_MATCH = YES;
				"CODE_SIGN_IDENTITY[sdk=iphoneos*]" = "iPhone Developer";
				COPY_PHASE_STRIP = NO;
				DEBUG_INFORMATION_FORMAT = "dwarf-with-dsym";
				ENABLE_NS_ASSERTIONS = NO;
				ENABLE_STRICT_OBJC_MSGSEND = YES;
				GCC_C_LANGUAGE_STANDARD = gnu99;
				GCC_NO_COMMON_BLOCKS = YES;
				GCC_WARN_64_TO_32_BIT_CONVERSION = YES;
				GCC_WARN_ABOUT_RETURN_TYPE = YES_ERROR;
				GCC_WARN_UNDECLARED_SELECTOR = YES;
				GCC_WARN_UNINITIALIZED_AUTOS = YES_AGGRESSIVE;
				GCC_WARN_UNUSED_FUNCTION = YES;
				GCC_WARN_UNUSED_VARIABLE = YES;
				IPHONEOS_DEPLOYMENT_TARGET = 9.3;
				MTL_ENABLE_DEBUG_INFO = NO;
				SDKROOT = iphoneos;
				TARGETED_DEVICE_FAMILY = "1,2";
				VALIDATE_PRODUCT = YES;
			};
			name = Release;
		};
		95FD188F1D0F4CF500156FB5 /* Debug */ = {
			isa = XCBuildConfiguration;
			buildSettings = {
				ASSETCATALOG_COMPILER_APPICON_NAME = AppIcon;
				INFOPLIST_FILE = TwitterApp/Info.plist;
				LD_RUNPATH_SEARCH_PATHS = "$(inherited) @executable_path/Frameworks";
				PRODUCT_BUNDLE_IDENTIFIER = com.jeffeng.TwitterApp;
				PRODUCT_NAME = "$(TARGET_NAME)";
			};
			name = Debug;
		};
		95FD18901D0F4CF500156FB5 /* Release */ = {
			isa = XCBuildConfiguration;
			buildSettings = {
				ASSETCATALOG_COMPILER_APPICON_NAME = AppIcon;
				INFOPLIST_FILE = TwitterApp/Info.plist;
				LD_RUNPATH_SEARCH_PATHS = "$(inherited) @executable_path/Frameworks";
				PRODUCT_BUNDLE_IDENTIFIER = com.jeffeng.TwitterApp;
				PRODUCT_NAME = "$(TARGET_NAME)";
			};
			name = Release;
		};
/* End XCBuildConfiguration section */

/* Begin XCConfigurationList section */
		95FD18771D0F4CF500156FB5 /* Build configuration list for PBXProject "TwitterApp" */ = {
			isa = XCConfigurationList;
			buildConfigurations = (
				95FD188C1D0F4CF500156FB5 /* Debug */,
				95FD188D1D0F4CF500156FB5 /* Release */,
			);
			defaultConfigurationIsVisible = 0;
			defaultConfigurationName = Release;
		};
		95FD188E1D0F4CF500156FB5 /* Build configuration list for PBXNativeTarget "TwitterApp" */ = {
			isa = XCConfigurationList;
			buildConfigurations = (
				95FD188F1D0F4CF500156FB5 /* Debug */,
				95FD18901D0F4CF500156FB5 /* Release */,
			);
			defaultConfigurationIsVisible = 0;
			defaultConfigurationName = Release;
		};
/* End XCConfigurationList section */
	};
	rootObject = 95FD18741D0F4CF500156FB5 /* Project object */;
}
